
Microsoft Visual Studio Solution File, Format Version 12.00
# Visual Studio Version 17
VisualStudioVersion = 17.13.35931.197
MinimumVisualStudioVersion = 10.0.40219.1
Project("{2150E333-8FDC-42A3-9474-1A3956D46DE8}") = "src", "src", "{02EA681E-C7D8-13C7-8484-4AC65E1B71E8}"
EndProject
Project("{2150E333-8FDC-42A3-9474-1A3956D46DE8}") = "Dominio", "Dominio", "{D5E33ECA-6D46-4537-95FD-89EA98C7C83C}"
EndProject
Project("{FAE04EC0-301F-11D3-BF4B-00C04F79EFBC}") = "MarketingAppHJ.Dominio", "MarketingAppHJ.Dominio\MarketingAppHJ.Dominio.csproj", "{238D0FB9-0CB6-49E6-AF7D-3C5C5481CD1D}"
EndProject
Project("{2150E333-8FDC-42A3-9474-1A3956D46DE8}") = "Aplicacion", "Aplicacion", "{1C50C54F-53B9-45AA-9B62-9F68B65D086A}"
EndProject
Project("{FAE04EC0-301F-11D3-BF4B-00C04F79EFBC}") = "MarketingAppHJ.Aplicacion", "MarketingAppHJ.Aplicacion\MarketingAppHJ.Aplicacion.csproj", "{31A2453E-80F9-4E9F-89D3-EB873C03C34F}"
EndProject
Project("{2150E333-8FDC-42A3-9474-1A3956D46DE8}") = "Infraestructura", "Infraestructura", "{85C44B5E-3492-4DFF-9105-429DA5FE99EC}"
EndProject
Project("{2150E333-8FDC-42A3-9474-1A3956D46DE8}") = "Cliente", "Cliente", "{AB0AC638-B901-4049-AE3A-5F1AF39D0AD7}"
EndProject
Project("{FAE04EC0-301F-11D3-BF4B-00C04F79EFBC}") = "MarketingAppHJ.Cliente", "MarketingAppHJ.Cliente\MarketingAppHJ.Cliente.csproj", "{E0305C51-34FA-4172-A3CE-34CAF004824A}"
EndProject
Project("{2150E333-8FDC-42A3-9474-1A3956D46DE8}") = "Datos", "Datos", "{64EEEAC2-2BFD-47A3-8637-6EBC8796E0B3}"
EndProject
Project("{2150E333-8FDC-42A3-9474-1A3956D46DE8}") = "Negocio", "Negocio", "{A98AA899-9D52-4C88-9BEA-3B8FFAC36740}"
EndProject
Project("{FAE04EC0-301F-11D3-BF4B-00C04F79EFBC}") = "MarketingAppHJ.Infraestructura.Datos", "MarketingAppHJ.Infraestructura.Datos\MarketingAppHJ.Infraestructura.Datos.csproj", "{0CD8732C-9D32-4762-B77B-46C2FAC2EB71}"
EndProject
Project("{FAE04EC0-301F-11D3-BF4B-00C04F79EFBC}") = "MarketingAppHJ.Infraestructura.Negocio", "MarketingAppHJ.Infraestructura.Negocio\MarketingAppHJ.Infraestructura.Negocio.csproj", "{026976CF-0747-4BC6-8A99-324C36450B7A}"
EndProject
Global
	GlobalSection(SolutionConfigurationPlatforms) = preSolution
		Debug|Any CPU = Debug|Any CPU
		Release|Any CPU = Release|Any CPU
	EndGlobalSection
	GlobalSection(ProjectConfigurationPlatforms) = postSolution
		{238D0FB9-0CB6-49E6-AF7D-3C5C5481CD1D}.Debug|Any CPU.ActiveCfg = Debug|Any CPU
		{238D0FB9-0CB6-49E6-AF7D-3C5C5481CD1D}.Debug|Any CPU.Build.0 = Debug|Any CPU
		{238D0FB9-0CB6-49E6-AF7D-3C5C5481CD1D}.Release|Any CPU.ActiveCfg = Release|Any CPU
		{238D0FB9-0CB6-49E6-AF7D-3C5C5481CD1D}.Release|Any CPU.Build.0 = Release|Any CPU
		{31A2453E-80F9-4E9F-89D3-EB873C03C34F}.Debug|Any CPU.ActiveCfg = Debug|Any CPU
		{31A2453E-80F9-4E9F-89D3-EB873C03C34F}.Debug|Any CPU.Build.0 = Debug|Any CPU
		{31A2453E-80F9-4E9F-89D3-EB873C03C34F}.Release|Any CPU.ActiveCfg = Release|Any CPU
		{31A2453E-80F9-4E9F-89D3-EB873C03C34F}.Release|Any CPU.Build.0 = Release|Any CPU
		{E0305C51-34FA-4172-A3CE-34CAF004824A}.Debug|Any CPU.ActiveCfg = Debug|Any CPU
		{E0305C51-34FA-4172-A3CE-34CAF004824A}.Debug|Any CPU.Build.0 = Debug|Any CPU
		{E0305C51-34FA-4172-A3CE-34CAF004824A}.Debug|Any CPU.Deploy.0 = Debug|Any CPU
		{E0305C51-34FA-4172-A3CE-34CAF004824A}.Release|Any CPU.ActiveCfg = Release|Any CPU
		{E0305C51-34FA-4172-A3CE-34CAF004824A}.Release|Any CPU.Build.0 = Release|Any CPU
		{0CD8732C-9D32-4762-B77B-46C2FAC2EB71}.Debug|Any CPU.ActiveCfg = Debug|Any CPU
		{0CD8732C-9D32-4762-B77B-46C2FAC2EB71}.Debug|Any CPU.Build.0 = Debug|Any CPU
		{0CD8732C-9D32-4762-B77B-46C2FAC2EB71}.Release|Any CPU.ActiveCfg = Release|Any CPU
		{0CD8732C-9D32-4762-B77B-46C2FAC2EB71}.Release|Any CPU.Build.0 = Release|Any CPU
		{026976CF-0747-4BC6-8A99-324C36450B7A}.Debug|Any CPU.ActiveCfg = Debug|Any CPU
		{026976CF-0747-4BC6-8A99-324C36450B7A}.Debug|Any CPU.Build.0 = Debug|Any CPU
		{026976CF-0747-4BC6-8A99-324C36450B7A}.Release|Any CPU.ActiveCfg = Release|Any CPU
		{026976CF-0747-4BC6-8A99-324C36450B7A}.Release|Any CPU.Build.0 = Release|Any CPU
	EndGlobalSection
	GlobalSection(SolutionProperties) = preSolution
		HideSolutionNode = FALSE
	EndGlobalSection
	GlobalSection(NestedProjects) = preSolution
		{D5E33ECA-6D46-4537-95FD-89EA98C7C83C} = {02EA681E-C7D8-13C7-8484-4AC65E1B71E8}
		{238D0FB9-0CB6-49E6-AF7D-3C5C5481CD1D} = {D5E33ECA-6D46-4537-95FD-89EA98C7C83C}
		{1C50C54F-53B9-45AA-9B62-9F68B65D086A} = {02EA681E-C7D8-13C7-8484-4AC65E1B71E8}
		{31A2453E-80F9-4E9F-89D3-EB873C03C34F} = {1C50C54F-53B9-45AA-9B62-9F68B65D086A}
		{85C44B5E-3492-4DFF-9105-429DA5FE99EC} = {02EA681E-C7D8-13C7-8484-4AC65E1B71E8}
		{AB0AC638-B901-4049-AE3A-5F1AF39D0AD7} = {02EA681E-C7D8-13C7-8484-4AC65E1B71E8}
		{E0305C51-34FA-4172-A3CE-34CAF004824A} = {AB0AC638-B901-4049-AE3A-5F1AF39D0AD7}
		{64EEEAC2-2BFD-47A3-8637-6EBC8796E0B3} = {85C44B5E-3492-4DFF-9105-429DA5FE99EC}
		{A98AA899-9D52-4C88-9BEA-3B8FFAC36740} = {85C44B5E-3492-4DFF-9105-429DA5FE99EC}
		{0CD8732C-9D32-4762-B77B-46C2FAC2EB71} = {64EEEAC2-2BFD-47A3-8637-6EBC8796E0B3}
		{026976CF-0747-4BC6-8A99-324C36450B7A} = {A98AA899-9D52-4C88-9BEA-3B8FFAC36740}
	EndGlobalSection
	GlobalSection(ExtensibilityGlobals) = postSolution
		SolutionGuid = {BFB54EDB-2926-43C1-8552-FBCBF1D4B0EE}
	EndGlobalSection
EndGlobal
